
Microsoft Visual Studio Solution File, Format Version 12.00
# Visual Studio Version 17
VisualStudioVersion = 17.11.35219.272
MinimumVisualStudioVersion = 10.0.40219.1
Project("{FAE04EC0-301F-11D3-BF4B-00C04F79EFBC}") = "Project2_Nhom5", "Project2_Nhom5\Project2_Nhom5.csproj", "{062CD0F9-EA4E-4CBF-8246-4001EBC16279}"
EndProject
Global
	GlobalSection(SolutionConfigurationPlatforms) = preSolution
		Debug|Any CPU = Debug|Any CPU
		Release|Any CPU = Release|Any CPU
	EndGlobalSection
	GlobalSection(ProjectConfigurationPlatforms) = postSolution
		{062CD0F9-EA4E-4CBF-8246-4001EBC16279}.Debug|Any CPU.ActiveCfg = Debug|Any CPU
		{062CD0F9-EA4E-4CBF-8246-4001EBC16279}.Debug|Any CPU.Build.0 = Debug|Any CPU
		{062CD0F9-EA4E-4CBF-8246-4001EBC16279}.Release|Any CPU.ActiveCfg = Release|Any CPU
		{062CD0F9-EA4E-4CBF-8246-4001EBC16279}.Release|Any CPU.Build.0 = Release|Any CPU
	EndGlobalSection
	GlobalSection(SolutionProperties) = preSolution
		HideSolutionNode = FALSE
	EndGlobalSection
	GlobalSection(ExtensibilityGlobals) = postSolution
		SolutionGuid = {AC5524B5-8CC2-499F-A9C2-ABF31AA5B9E1}
	EndGlobalSection
EndGlobal
